
Microsoft Visual Studio Solution File, Format Version 12.00
# Visual Studio 15
VisualStudioVersion = 15.0.28307.489
MinimumVisualStudioVersion = 10.0.40219.1
Project("{FAE04EC0-301F-11D3-BF4B-00C04F79EFBC}") = "WindowsFormsApp4", "WindowsFormsApp4\WindowsFormsApp4.csproj", "{1954E204-C0F8-4F48-BDE3-336E4D5DE969}"
EndProject
Global
	GlobalSection(SolutionConfigurationPlatforms) = preSolution
		Debug|Any CPU = Debug|Any CPU
		Release|Any CPU = Release|Any CPU
	EndGlobalSection
	GlobalSection(ProjectConfigurationPlatforms) = postSolution
		{1954E204-C0F8-4F48-BDE3-336E4D5DE969}.Debug|Any CPU.ActiveCfg = Debug|Any CPU
		{1954E204-C0F8-4F48-BDE3-336E4D5DE969}.Debug|Any CPU.Build.0 = Debug|Any CPU
		{1954E204-C0F8-4F48-BDE3-336E4D5DE969}.Release|Any CPU.ActiveCfg = Release|Any CPU
		{1954E204-C0F8-4F48-BDE3-336E4D5DE969}.Release|Any CPU.Build.0 = Release|Any CPU
	EndGlobalSection
	GlobalSection(SolutionProperties) = preSolution
		HideSolutionNode = FALSE
	EndGlobalSection
	GlobalSection(ExtensibilityGlobals) = postSolution
		SolutionGuid = {BF825FC5-238C-487E-9E02-024E5815BBD6}
	EndGlobalSection
EndGlobal
